
Microsoft Visual Studio Solution File, Format Version 12.00
# Visual Studio 2013
VisualStudioVersion = 12.0.31101.0
MinimumVisualStudioVersion = 10.0.40219.1
Project("{FAE04EC0-301F-11D3-BF4B-00C04F79EFBC}") = "MSA password kiosk software", "MSA password kiosk software.csproj", "{1E686511-1FD0-4150-A8C7-F577E088407C}"
EndProject
Project("{FAE04EC0-301F-11D3-BF4B-00C04F79EFBC}") = "CoreClassLib", "..\CoreClassLib\CoreClassLib.csproj", "{9E119F67-812A-4A99-AC39-8CB4C3646F8D}"
EndProject
Global
	GlobalSection(SolutionConfigurationPlatforms) = preSolution
		Debug|Any CPU = Debug|Any CPU
		Release|Any CPU = Release|Any CPU
	EndGlobalSection
	GlobalSection(ProjectConfigurationPlatforms) = postSolution
		{1E686511-1FD0-4150-A8C7-F577E088407C}.Debug|Any CPU.ActiveCfg = Debug|Any CPU
		{1E686511-1FD0-4150-A8C7-F577E088407C}.Debug|Any CPU.Build.0 = Debug|Any CPU
		{1E686511-1FD0-4150-A8C7-F577E088407C}.Release|Any CPU.ActiveCfg = Release|Any CPU
		{1E686511-1FD0-4150-A8C7-F577E088407C}.Release|Any CPU.Build.0 = Release|Any CPU
		{9E119F67-812A-4A99-AC39-8CB4C3646F8D}.Debug|Any CPU.ActiveCfg = Debug|Any CPU
		{9E119F67-812A-4A99-AC39-8CB4C3646F8D}.Debug|Any CPU.Build.0 = Debug|Any CPU
		{9E119F67-812A-4A99-AC39-8CB4C3646F8D}.Release|Any CPU.ActiveCfg = Release|Any CPU
		{9E119F67-812A-4A99-AC39-8CB4C3646F8D}.Release|Any CPU.Build.0 = Release|Any CPU
	EndGlobalSection
	GlobalSection(SolutionProperties) = preSolution
		HideSolutionNode = FALSE
	EndGlobalSection
EndGlobal
